
Microsoft Visual Studio Solution File, Format Version 12.00
# Visual Studio Version 16
VisualStudioVersion = 16.0.31702.278
MinimumVisualStudioVersion = 10.0.40219.1
Project("{FAE04EC0-301F-11D3-BF4B-00C04F79EFBC}") = "hmwrk64.web", "hmwrk64.web\hmwrk64.web.csproj", "{BD227C97-929B-4D69-9F07-8CA90B400659}"
EndProject
Project("{FAE04EC0-301F-11D3-BF4B-00C04F79EFBC}") = "hmwrk64.scraping", "hmwrk64.scraping\hmwrk64.scraping.csproj", "{73082B95-9961-4C57-B511-991F22E5ED8A}"
EndProject
Global
	GlobalSection(SolutionConfigurationPlatforms) = preSolution
		Debug|Any CPU = Debug|Any CPU
		Release|Any CPU = Release|Any CPU
	EndGlobalSection
	GlobalSection(ProjectConfigurationPlatforms) = postSolution
		{BD227C97-929B-4D69-9F07-8CA90B400659}.Debug|Any CPU.ActiveCfg = Debug|Any CPU
		{BD227C97-929B-4D69-9F07-8CA90B400659}.Debug|Any CPU.Build.0 = Debug|Any CPU
		{BD227C97-929B-4D69-9F07-8CA90B400659}.Release|Any CPU.ActiveCfg = Release|Any CPU
		{BD227C97-929B-4D69-9F07-8CA90B400659}.Release|Any CPU.Build.0 = Release|Any CPU
		{73082B95-9961-4C57-B511-991F22E5ED8A}.Debug|Any CPU.ActiveCfg = Debug|Any CPU
		{73082B95-9961-4C57-B511-991F22E5ED8A}.Debug|Any CPU.Build.0 = Debug|Any CPU
		{73082B95-9961-4C57-B511-991F22E5ED8A}.Release|Any CPU.ActiveCfg = Release|Any CPU
		{73082B95-9961-4C57-B511-991F22E5ED8A}.Release|Any CPU.Build.0 = Release|Any CPU
	EndGlobalSection
	GlobalSection(SolutionProperties) = preSolution
		HideSolutionNode = FALSE
	EndGlobalSection
	GlobalSection(ExtensibilityGlobals) = postSolution
		SolutionGuid = {98305386-85F3-476F-91DA-6B2EDE2E499E}
	EndGlobalSection
EndGlobal
